Microsoft Visual Studio Solution File, Format Version 12.00
# Visual Studio 2012
Project("{FAE04EC0-301F-11D3-BF4B-00C04F79EFBC}") = "RPGBasics", "RPGBasics.csproj", "{DFED3526-FC75-4BC3-9DC2-DCED8BC76590}"
EndProject
Global
	GlobalSection(SolutionConfigurationPlatforms) = preSolution
	Debug|Any CPU = Debug|Any CPU
	ExportDebug|Any CPU = ExportDebug|Any CPU
	ExportRelease|Any CPU = ExportRelease|Any CPU
	EndGlobalSection
	GlobalSection(ProjectConfigurationPlatforms) = postSolution
		{DFED3526-FC75-4BC3-9DC2-DCED8BC76590}.Debug|Any CPU.ActiveCfg = Debug|Any CPU
		{DFED3526-FC75-4BC3-9DC2-DCED8BC76590}.Debug|Any CPU.Build.0 = Debug|Any CPU
		{DFED3526-FC75-4BC3-9DC2-DCED8BC76590}.ExportDebug|Any CPU.ActiveCfg = ExportDebug|Any CPU
		{DFED3526-FC75-4BC3-9DC2-DCED8BC76590}.ExportDebug|Any CPU.Build.0 = ExportDebug|Any CPU
		{DFED3526-FC75-4BC3-9DC2-DCED8BC76590}.ExportRelease|Any CPU.ActiveCfg = ExportRelease|Any CPU
		{DFED3526-FC75-4BC3-9DC2-DCED8BC76590}.ExportRelease|Any CPU.Build.0 = ExportRelease|Any CPU
	EndGlobalSection
EndGlobal
